
Microsoft Visual Studio Solution File, Format Version 12.00
# Visual Studio Version 16
VisualStudioVersion = 16.0.29806.167
MinimumVisualStudioVersion = 10.0.40219.1
Project("{FAE04EC0-301F-11D3-BF4B-00C04F79EFBC}") = "Gezgin-Kargo-Problemi", "Gezgin-Kargo-Problemi\Gezgin-Kargo-Problemi.csproj", "{D14DD3EC-F846-4E4E-82ED-146A0BC1BDAE}"
EndProject
Project("{2150E333-8FDC-42A3-9474-1A3956D46DE8}") = "Solution Items", "Solution Items", "{BB7F7793-1040-4441-A820-E499305952D0}"
	ProjectSection(SolutionItems) = preProject
		.editorconfig = .editorconfig
	EndProjectSection
EndProject
Global
	GlobalSection(SolutionConfigurationPlatforms) = preSolution
		Debug|Any CPU = Debug|Any CPU
		Release|Any CPU = Release|Any CPU
	EndGlobalSection
	GlobalSection(ProjectConfigurationPlatforms) = postSolution
		{D14DD3EC-F846-4E4E-82ED-146A0BC1BDAE}.Debug|Any CPU.ActiveCfg = Debug|Any CPU
		{D14DD3EC-F846-4E4E-82ED-146A0BC1BDAE}.Debug|Any CPU.Build.0 = Debug|Any CPU
		{D14DD3EC-F846-4E4E-82ED-146A0BC1BDAE}.Release|Any CPU.ActiveCfg = Release|Any CPU
		{D14DD3EC-F846-4E4E-82ED-146A0BC1BDAE}.Release|Any CPU.Build.0 = Release|Any CPU
	EndGlobalSection
	GlobalSection(SolutionProperties) = preSolution
		HideSolutionNode = FALSE
	EndGlobalSection
	GlobalSection(ExtensibilityGlobals) = postSolution
		SolutionGuid = {6E39BA87-E08A-4B6D-8A12-F3B1F0441DB9}
	EndGlobalSection
EndGlobal
